
Microsoft Visual Studio Solution File, Format Version 12.00
# Visual Studio Version 16
VisualStudioVersion = 16.0.29613.14
MinimumVisualStudioVersion = 10.0.40219.1
Project("{FAE04EC0-301F-11D3-BF4B-00C04F79EFBC}") = "RestClientApp", "RestClientApp\RestClientApp.csproj", "{9194E638-2125-4135-B97E-EA55892A2E8C}"
EndProject
Global
	GlobalSection(SolutionConfigurationPlatforms) = preSolution
		Debug|Any CPU = Debug|Any CPU
		Release|Any CPU = Release|Any CPU
	EndGlobalSection
	GlobalSection(ProjectConfigurationPlatforms) = postSolution
		{9194E638-2125-4135-B97E-EA55892A2E8C}.Debug|Any CPU.ActiveCfg = Debug|Any CPU
		{9194E638-2125-4135-B97E-EA55892A2E8C}.Debug|Any CPU.Build.0 = Debug|Any CPU
		{9194E638-2125-4135-B97E-EA55892A2E8C}.Release|Any CPU.ActiveCfg = Release|Any CPU
		{9194E638-2125-4135-B97E-EA55892A2E8C}.Release|Any CPU.Build.0 = Release|Any CPU
	EndGlobalSection
	GlobalSection(SolutionProperties) = preSolution
		HideSolutionNode = FALSE
	EndGlobalSection
	GlobalSection(ExtensibilityGlobals) = postSolution
		SolutionGuid = {938436CF-087C-48B5-A65D-698B8A7BA975}
	EndGlobalSection
EndGlobal
